
Microsoft Visual Studio Solution File, Format Version 12.00
# Visual Studio Version 17
VisualStudioVersion = 17.9.34616.47
MinimumVisualStudioVersion = 10.0.40219.1
Project("{9A19103F-16F7-4668-BE54-9A1E7A4F7556}") = "BookStoreAppAPI", "BookStoreAppAPI\BookStoreAppAPI.csproj", "{F7A5137E-A7D2-4299-A269-CAA6FD6AD254}"
EndProject
Project("{9A19103F-16F7-4668-BE54-9A1E7A4F7556}") = "BookStoreAppBlazer.Server.UI", "BookStoreAppBlazer.Server.UI\BookStoreAppBlazer.Server.UI.csproj", "{444BE56C-1945-45A1-967E-77334E230276}"
EndProject
Global
	GlobalSection(SolutionConfigurationPlatforms) = preSolution
		Debug|Any CPU = Debug|Any CPU
		Release|Any CPU = Release|Any CPU
	EndGlobalSection
	GlobalSection(ProjectConfigurationPlatforms) = postSolution
		{F7A5137E-A7D2-4299-A269-CAA6FD6AD254}.Debug|Any CPU.ActiveCfg = Debug|Any CPU
		{F7A5137E-A7D2-4299-A269-CAA6FD6AD254}.Debug|Any CPU.Build.0 = Debug|Any CPU
		{F7A5137E-A7D2-4299-A269-CAA6FD6AD254}.Release|Any CPU.ActiveCfg = Release|Any CPU
		{F7A5137E-A7D2-4299-A269-CAA6FD6AD254}.Release|Any CPU.Build.0 = Release|Any CPU
		{444BE56C-1945-45A1-967E-77334E230276}.Debug|Any CPU.ActiveCfg = Debug|Any CPU
		{444BE56C-1945-45A1-967E-77334E230276}.Debug|Any CPU.Build.0 = Debug|Any CPU
		{444BE56C-1945-45A1-967E-77334E230276}.Release|Any CPU.ActiveCfg = Release|Any CPU
		{444BE56C-1945-45A1-967E-77334E230276}.Release|Any CPU.Build.0 = Release|Any CPU
	EndGlobalSection
	GlobalSection(SolutionProperties) = preSolution
		HideSolutionNode = FALSE
	EndGlobalSection
	GlobalSection(ExtensibilityGlobals) = postSolution
		SolutionGuid = {86840EF2-1294-41BF-9F31-9FE5438CF4B7}
	EndGlobalSection
EndGlobal
